
Microsoft Visual Studio Solution File, Format Version 12.00
# Visual Studio Version 17
VisualStudioVersion = 17.0.32126.317
MinimumVisualStudioVersion = 10.0.40219.1
Project("{9A19103F-16F7-4668-BE54-9A1E7A4F7556}") = "GitHubWebHookTool", "GitHubWebHookTool\GitHubWebHookTool.csproj", "{4467B319-191A-4943-82D4-5FB104C3B426}"
EndProject
Project("{FAE04EC0-301F-11D3-BF4B-00C04F79EFBC}") = "GitHubWebHookToolTesterApp", "GitHubWebHookToolTesterApp\GitHubWebHookToolTesterApp.csproj", "{687781CA-FF1A-43EF-A228-B968C10EC82C}"
EndProject
Global
	GlobalSection(SolutionConfigurationPlatforms) = preSolution
		Debug|Any CPU = Debug|Any CPU
		Release|Any CPU = Release|Any CPU
	EndGlobalSection
	GlobalSection(ProjectConfigurationPlatforms) = postSolution
		{4467B319-191A-4943-82D4-5FB104C3B426}.Debug|Any CPU.ActiveCfg = Debug|Any CPU
		{4467B319-191A-4943-82D4-5FB104C3B426}.Debug|Any CPU.Build.0 = Debug|Any CPU
		{4467B319-191A-4943-82D4-5FB104C3B426}.Release|Any CPU.ActiveCfg = Release|Any CPU
		{4467B319-191A-4943-82D4-5FB104C3B426}.Release|Any CPU.Build.0 = Release|Any CPU
		{687781CA-FF1A-43EF-A228-B968C10EC82C}.Debug|Any CPU.ActiveCfg = Debug|Any CPU
		{687781CA-FF1A-43EF-A228-B968C10EC82C}.Debug|Any CPU.Build.0 = Debug|Any CPU
		{687781CA-FF1A-43EF-A228-B968C10EC82C}.Release|Any CPU.ActiveCfg = Release|Any CPU
		{687781CA-FF1A-43EF-A228-B968C10EC82C}.Release|Any CPU.Build.0 = Release|Any CPU
	EndGlobalSection
	GlobalSection(SolutionProperties) = preSolution
		HideSolutionNode = FALSE
	EndGlobalSection
	GlobalSection(ExtensibilityGlobals) = postSolution
		SolutionGuid = {C6EAEB80-7324-4258-B700-5CA83321C551}
	EndGlobalSection
EndGlobal
